
Microsoft Visual Studio Solution File, Format Version 12.00
# Visual Studio Version 17
VisualStudioVersion = 17.9.34728.123
MinimumVisualStudioVersion = 10.0.40219.1
Project("{FAE04EC0-301F-11D3-BF4B-00C04F79EFBC}") = "StudentGradesAnalyzer", "StudentGradesAnalyzer\StudentGradesAnalyzer.csproj", "{C5EE2EE8-196F-4608-B4FE-ABB1ED2A6019}"
EndProject
Global
	GlobalSection(SolutionConfigurationPlatforms) = preSolution
		Debug|Any CPU = Debug|Any CPU
		Release|Any CPU = Release|Any CPU
	EndGlobalSection
	GlobalSection(ProjectConfigurationPlatforms) = postSolution
		{C5EE2EE8-196F-4608-B4FE-ABB1ED2A6019}.Debug|Any CPU.ActiveCfg = Debug|Any CPU
		{C5EE2EE8-196F-4608-B4FE-ABB1ED2A6019}.Debug|Any CPU.Build.0 = Debug|Any CPU
		{C5EE2EE8-196F-4608-B4FE-ABB1ED2A6019}.Release|Any CPU.ActiveCfg = Release|Any CPU
		{C5EE2EE8-196F-4608-B4FE-ABB1ED2A6019}.Release|Any CPU.Build.0 = Release|Any CPU
	EndGlobalSection
	GlobalSection(SolutionProperties) = preSolution
		HideSolutionNode = FALSE
	EndGlobalSection
	GlobalSection(ExtensibilityGlobals) = postSolution
		SolutionGuid = {3DEEEAF4-A2E3-49AC-8E67-41BBD3D18331}
	EndGlobalSection
EndGlobal
